<?xml version="1.0" encoding="utf-8"?>
<Project ToolsVersion="4.0" xmlns="http://schemas.microsoft.com/developer/msbuild/2003">
  <ItemGroup>
    <ClCompile Include="main.cpp">
      <Filter>source</Filter>
    </ClCompile>
    <ClCompile Include="sqlQueryBuilder.cpp">
      <Filter>source</Filter>
    </ClCompile>
    <ClCompile Include="xmlParser.cpp">
      <Filter>source</Filter>
    </ClCompile>
    <ClCompile Include="..\imgui.cpp">
      <Filter>imgui</Filter>
    </ClCompile>
    <ClCompile Include="..\imgui_demo.cpp">
      <Filter>imgui</Filter>
    </ClCompile>
    <ClCompile Include="..\imgui_draw.cpp">
      <Filter>imgui</Filter>
    </ClCompile>
    <ClCompile Include="..\backends\imgui_impl_dx9.cpp">
      <Filter>imgui</Filter>
    </ClCompile>
    <ClCompile Include="..\backends\imgui_impl_win32.cpp">
      <Filter>imgui</Filter>
    </ClCompile>
    <ClCompile Include="..\imgui_tables.cpp">
      <Filter>imgui</Filter>
    </ClCompile>
    <ClCompile Include="..\imgui_widgets.cpp">
      <Filter>imgui</Filter>
    </ClCompile>
    <ClCompile Include="Sql.cpp">
      <Filter>source</Filter>
    </ClCompile>
    <ClCompile Include="popups.cpp">
      <Filter>source</Filter>
    </ClCompile>
    <ClCompile Include="UserSettings.cpp">
      <Filter>source</Filter>
    </ClCompile>
    <ClCompile Include="systemFunctions.cpp">
      <Filter>source</Filter>
    </ClCompile>
    <ClCompile Include="..\imgui_stdlib.cpp">
      <Filter>imgui</Filter>
    </ClCompile>
    <ClCompile Include="genericexport_window.cpp">
      <Filter>RMS source files</Filter>
    </ClCompile>
    <ClCompile Include="oneButtonRefresh_window.cpp">
      <Filter>RMS source files</Filter>
    </ClCompile>
    <ClCompile Include="readFieldList.cpp">
      <Filter>RMS source files</Filter>
    </ClCompile>
    <ClCompile Include="Profile.cpp">
      <Filter>RMS source files</Filter>
    </ClCompile>
    <ClCompile Include="fieldOrderTable.cpp">
      <Filter>RMS source files</Filter>
    </ClCompile>
    <ClCompile Include="servlogViewer.cpp">
      <Filter>CAD source files</Filter>
    </ClCompile>
    <ClCompile Include="getInterfaceFiles.cpp">
      <Filter>source</Filter>
    </ClCompile>
    <ClCompile Include="AppLog.cpp">
      <Filter>source</Filter>
    </ClCompile>
    <ClCompile Include="DisplayImages.cpp">
      <Filter>source</Filter>
    </ClCompile>
    <ClCompile Include="genericDataImport.cpp">
      <Filter>GDI Source Files</Filter>
    </ClCompile>
    <ClCompile Include="getColumns.cpp">
      <Filter>GDI Source Files</Filter>
    </ClCompile>
    <ClCompile Include="getRows.cpp">
      <Filter>GDI Source Files</Filter>
    </ClCompile>
    <ClCompile Include="displayDataFiles.cpp">
      <Filter>GDI Source Files</Filter>
    </ClCompile>
    <ClCompile Include="displayTableNames.cpp">
      <Filter>GDI Source Files</Filter>
    </ClCompile>
    <ClCompile Include="displayMappingTable.cpp">
      <Filter>GDI Source Files</Filter>
    </ClCompile>
    <ClCompile Include="processData.cpp">
      <Filter>GDI Source Files</Filter>
    </ClCompile>
    <ClCompile Include="buildInsertQuery.cpp">
      <Filter>GDI Source Files</Filter>
    </ClCompile>
    <ClCompile Include="displayDataTable.cpp">
      <Filter>GDI Source Files</Filter>
    </ClCompile>
    <ClCompile Include="insertMappedData.cpp">
      <Filter>GDI Source Files</Filter>
    </ClCompile>
    <ClCompile Include="clearMappings.cpp">
      <Filter>GDI Source Files</Filter>
    </ClCompile>
    <ClCompile Include="parseCSVLine.cpp">
      <Filter>GDI Source Files</Filter>
    </ClCompile>
    <ClCompile Include="trim.cpp">
      <Filter>GDI Source Files</Filter>
    </ClCompile>
    <ClCompile Include="emptyStrings.cpp">
      <Filter>GDI Source Files</Filter>
    </ClCompile>
    <ClCompile Include="checkForDuplicates.cpp">
      <Filter>GDI Source Files</Filter>
    </ClCompile>
    <ClCompile Include="checkForDuplicates_Thread.cpp">
      <Filter>GDI Source Files</Filter>
    </ClCompile>
  </ItemGroup>
  <ItemGroup>
    <ClInclude Include="sqlQueryBuilder.h">
      <Filter>Headers</Filter>
    </ClInclude>
    <ClInclude Include="systemFunctions.h">
      <Filter>Headers</Filter>
    </ClInclude>
    <ClInclude Include="xmlParser.h">
      <Filter>Headers</Filter>
    </ClInclude>
    <ClInclude Include="..\imconfig.h">
      <Filter>imgui</Filter>
    </ClInclude>
    <ClInclude Include="..\imgui.h">
      <Filter>imgui</Filter>
    </ClInclude>
    <ClInclude Include="..\backends\imgui_impl_dx9.h">
      <Filter>imgui</Filter>
    </ClInclude>
    <ClInclude Include="..\backends\imgui_impl_win32.h">
      <Filter>imgui</Filter>
    </ClInclude>
    <ClInclude Include="..\imgui_internal.h">
      <Filter>imgui</Filter>
    </ClInclude>
    <ClInclude Include="Sql.h">
      <Filter>Headers</Filter>
    </ClInclude>
    <ClInclude Include="popups.h">
      <Filter>Headers</Filter>
    </ClInclude>
    <ClInclude Include="UserSettings.h">
      <Filter>Headers</Filter>
    </ClInclude>
    <ClInclude Include="AppLog.h">
      <Filter>Headers</Filter>
    </ClInclude>
    <ClInclude Include="..\imgui_stdlib.h">
      <Filter>imgui</Filter>
    </ClInclude>
    <ClInclude Include="Profile.h">
      <Filter>RMS header files</Filter>
    </ClInclude>
    <ClInclude Include="readFieldList.h">
      <Filter>RMS header files</Filter>
    </ClInclude>
    <ClInclude Include="genericexport_window.h">
      <Filter>RMS header files</Filter>
    </ClInclude>
    <ClInclude Include="oneButtonRefresh_window.h">
      <Filter>RMS header files</Filter>
    </ClInclude>
    <ClInclude Include="fieldOrderTable.h">
      <Filter>RMS header files</Filter>
    </ClInclude>
    <ClInclude Include="servlogViewer.h">
      <Filter>CAD header files</Filter>
    </ClInclude>
    <ClInclude Include="getInterfaceFiles.h">
      <Filter>Headers</Filter>
    </ClInclude>
    <ClInclude Include="DisplayImages.h">
      <Filter>Headers</Filter>
    </ClInclude>
    <ClInclude Include="genericDataImport.h">
      <Filter>GDI Header Files</Filter>
    </ClInclude>
  </ItemGroup>
  <ItemGroup>
    <None Include="..\README.txt" />
    <None Include="..\..\misc\debuggers\imgui.natstepfilter">
      <Filter>imgui</Filter>
    </None>
    <None Include="..\..\misc\debuggers\imgui.natvis">
      <Filter>imgui</Filter>
    </None>
  </ItemGroup>
  <ItemGroup>
    <Filter Include="source">
      <UniqueIdentifier>{c6619c97-c9ea-4f45-97a2-335b7a5b09cf}</UniqueIdentifier>
    </Filter>
    <Filter Include="Headers">
      <UniqueIdentifier>{aa956be9-5e47-4649-9177-45bd4152769c}</UniqueIdentifier>
    </Filter>
    <Filter Include="imgui">
      <UniqueIdentifier>{e0af5dc3-6998-4a39-893c-265a4600dd88}</UniqueIdentifier>
    </Filter>
    <Filter Include="CAD source files">
      <UniqueIdentifier>{26d0c025-199f-42f6-bc7b-9d7b9a8d986c}</UniqueIdentifier>
    </Filter>
    <Filter Include="CAD header files">
      <UniqueIdentifier>{04957380-52d5-4211-b4a5-9e19422fef45}</UniqueIdentifier>
    </Filter>
    <Filter Include="RMS header files">
      <UniqueIdentifier>{66ea465c-b3cf-45ea-b71f-461e7668c4e0}</UniqueIdentifier>
    </Filter>
    <Filter Include="RMS source files">
      <UniqueIdentifier>{64879471-7945-4ec0-b97e-9912bb5f019d}</UniqueIdentifier>
    </Filter>
    <Filter Include="GDI Header Files">
      <UniqueIdentifier>{bd09f617-2cf7-4853-9fa7-e970aeda5ee8}</UniqueIdentifier>
    </Filter>
    <Filter Include="GDI Source Files">
      <UniqueIdentifier>{94f701d7-1a84-4d96-8bb5-01d38287c2df}</UniqueIdentifier>
    </Filter>
  </ItemGroup>
</Project>